
Microsoft Visual Studio Solution File, Format Version 12.00
# Visual Studio Version 16
VisualStudioVersion = 16.0.28705.295
MinimumVisualStudioVersion = 10.0.40219.1
Project("{9A19103F-16F7-4668-BE54-9A1E7A4F7556}") = "AirBnbDevExtreme", "AirBnbDevExtreme\AirBnbDevExtreme.csproj", "{FC665483-6235-4AFC-98B2-91E8AE513D51}"
EndProject
Project("{FAE04EC0-301F-11D3-BF4B-00C04F79EFBC}") = "AirBnbFakeDatabase", "AirBnbFakeDatabase\AirBnbFakeDatabase.csproj", "{38510869-E25D-4411-92EA-C07FDCEC9DC0}"
EndProject
Project("{FAE04EC0-301F-11D3-BF4B-00C04F79EFBC}") = "AirBnbHighCharts", "AirBnbHighCharts\AirBnbHighCharts.csproj", "{5D017490-2A31-47E2-9288-C0B4151C7270}"
EndProject
Project("{FAE04EC0-301F-11D3-BF4B-00C04F79EFBC}") = "AirBnbChartsJS", "AirBnbChartsJS\AirBnbChartsJS.csproj", "{83C3E4B7-0D64-4A50-B5E7-09957D1E0E21}"
EndProject
Global
	GlobalSection(SolutionConfigurationPlatforms) = preSolution
		Debug|Any CPU = Debug|Any CPU
		Release|Any CPU = Release|Any CPU
	EndGlobalSection
	GlobalSection(ProjectConfigurationPlatforms) = postSolution
		{FC665483-6235-4AFC-98B2-91E8AE513D51}.Debug|Any CPU.ActiveCfg = Debug|Any CPU
		{FC665483-6235-4AFC-98B2-91E8AE513D51}.Debug|Any CPU.Build.0 = Debug|Any CPU
		{FC665483-6235-4AFC-98B2-91E8AE513D51}.Release|Any CPU.ActiveCfg = Release|Any CPU
		{FC665483-6235-4AFC-98B2-91E8AE513D51}.Release|Any CPU.Build.0 = Release|Any CPU
		{38510869-E25D-4411-92EA-C07FDCEC9DC0}.Debug|Any CPU.ActiveCfg = Debug|Any CPU
		{38510869-E25D-4411-92EA-C07FDCEC9DC0}.Debug|Any CPU.Build.0 = Debug|Any CPU
		{38510869-E25D-4411-92EA-C07FDCEC9DC0}.Release|Any CPU.ActiveCfg = Release|Any CPU
		{38510869-E25D-4411-92EA-C07FDCEC9DC0}.Release|Any CPU.Build.0 = Release|Any CPU
		{5D017490-2A31-47E2-9288-C0B4151C7270}.Debug|Any CPU.ActiveCfg = Debug|Any CPU
		{5D017490-2A31-47E2-9288-C0B4151C7270}.Debug|Any CPU.Build.0 = Debug|Any CPU
		{5D017490-2A31-47E2-9288-C0B4151C7270}.Release|Any CPU.ActiveCfg = Release|Any CPU
		{5D017490-2A31-47E2-9288-C0B4151C7270}.Release|Any CPU.Build.0 = Release|Any CPU
		{83C3E4B7-0D64-4A50-B5E7-09957D1E0E21}.Debug|Any CPU.ActiveCfg = Debug|Any CPU
		{83C3E4B7-0D64-4A50-B5E7-09957D1E0E21}.Debug|Any CPU.Build.0 = Debug|Any CPU
		{83C3E4B7-0D64-4A50-B5E7-09957D1E0E21}.Release|Any CPU.ActiveCfg = Release|Any CPU
		{83C3E4B7-0D64-4A50-B5E7-09957D1E0E21}.Release|Any CPU.Build.0 = Release|Any CPU
	EndGlobalSection
	GlobalSection(SolutionProperties) = preSolution
		HideSolutionNode = FALSE
	EndGlobalSection
	GlobalSection(ExtensibilityGlobals) = postSolution
		SolutionGuid = {EBBA02D2-697A-402A-8087-E4896C575AA3}
	EndGlobalSection
EndGlobal
